Microsoft Visual Studio Solution File, Format Version 12.00
# Visual Studio Version 17
VisualStudioVersion = 17.5.2.0
MinimumVisualStudioVersion = 10.0.40219.1
Project("{FAE04EC0-301F-11D3-BF4B-00C04F79EFBC}") = "DBCycle", "DBCycle.csproj", "{34BDE675-CA3B-AA0E-8D43-FF1D0DCD3443}"
EndProject
Global
	GlobalSection(SolutionConfigurationPlatforms) = preSolution
		Debug|Any CPU = Debug|Any CPU
		Release|Any CPU = Release|Any CPU
	EndGlobalSection
	GlobalSection(ProjectConfigurationPlatforms) = postSolution
		{34BDE675-CA3B-AA0E-8D43-FF1D0DCD3443}.Debug|Any CPU.ActiveCfg = Debug|Any CPU
		{34BDE675-CA3B-AA0E-8D43-FF1D0DCD3443}.Debug|Any CPU.Build.0 = Debug|Any CPU
		{34BDE675-CA3B-AA0E-8D43-FF1D0DCD3443}.Release|Any CPU.ActiveCfg = Release|Any CPU
		{34BDE675-CA3B-AA0E-8D43-FF1D0DCD3443}.Release|Any CPU.Build.0 = Release|Any CPU
	EndGlobalSection
	GlobalSection(SolutionProperties) = preSolution
		HideSolutionNode = FALSE
	EndGlobalSection
	GlobalSection(ExtensibilityGlobals) = postSolution
		SolutionGuid = {E0D8FB82-944E-45BC-BE28-82D7B21E0657}
	EndGlobalSection
EndGlobal
